
Microsoft Visual Studio Solution File, Format Version 12.00
# Visual Studio Version 17
VisualStudioVersion = 17.6.33815.320
MinimumVisualStudioVersion = 10.0.40219.1
Project("{FAE04EC0-301F-11D3-BF4B-00C04F79EFBC}") = "TransactionExample", "TransactionExample\TransactionExample.csproj", "{F244730C-2B29-4CFB-A119-1DBA8994876A}"
EndProject
Project("{FAE04EC0-301F-11D3-BF4B-00C04F79EFBC}") = "Transactions.Infrastructure", "Transactions.Infrastructure\Transactions.Infrastructure.csproj", "{20C4A3DB-C9FC-445F-B1FA-972E53740E5B}"
EndProject
Project("{FAE04EC0-301F-11D3-BF4B-00C04F79EFBC}") = "Transactions.Application", "Transactions.Application\Transactions.Application.csproj", "{A77CEE40-15F1-46B0-B936-BC4F4A068927}"
EndProject
Project("{FAE04EC0-301F-11D3-BF4B-00C04F79EFBC}") = "Transactions.Domain", "Transactions.Domain\Transactions.Domain.csproj", "{A7C55912-9617-423F-9571-F3566FDAB42D}"
EndProject
Global
	GlobalSection(SolutionConfigurationPlatforms) = preSolution
		Debug|Any CPU = Debug|Any CPU
		Release|Any CPU = Release|Any CPU
	EndGlobalSection
	GlobalSection(ProjectConfigurationPlatforms) = postSolution
		{F244730C-2B29-4CFB-A119-1DBA8994876A}.Debug|Any CPU.ActiveCfg = Debug|Any CPU
		{F244730C-2B29-4CFB-A119-1DBA8994876A}.Debug|Any CPU.Build.0 = Debug|Any CPU
		{F244730C-2B29-4CFB-A119-1DBA8994876A}.Release|Any CPU.ActiveCfg = Release|Any CPU
		{F244730C-2B29-4CFB-A119-1DBA8994876A}.Release|Any CPU.Build.0 = Release|Any CPU
		{20C4A3DB-C9FC-445F-B1FA-972E53740E5B}.Debug|Any CPU.ActiveCfg = Debug|Any CPU
		{20C4A3DB-C9FC-445F-B1FA-972E53740E5B}.Debug|Any CPU.Build.0 = Debug|Any CPU
		{20C4A3DB-C9FC-445F-B1FA-972E53740E5B}.Release|Any CPU.ActiveCfg = Release|Any CPU
		{20C4A3DB-C9FC-445F-B1FA-972E53740E5B}.Release|Any CPU.Build.0 = Release|Any CPU
		{A77CEE40-15F1-46B0-B936-BC4F4A068927}.Debug|Any CPU.ActiveCfg = Debug|Any CPU
		{A77CEE40-15F1-46B0-B936-BC4F4A068927}.Debug|Any CPU.Build.0 = Debug|Any CPU
		{A77CEE40-15F1-46B0-B936-BC4F4A068927}.Release|Any CPU.ActiveCfg = Release|Any CPU
		{A77CEE40-15F1-46B0-B936-BC4F4A068927}.Release|Any CPU.Build.0 = Release|Any CPU
		{A7C55912-9617-423F-9571-F3566FDAB42D}.Debug|Any CPU.ActiveCfg = Debug|Any CPU
		{A7C55912-9617-423F-9571-F3566FDAB42D}.Debug|Any CPU.Build.0 = Debug|Any CPU
		{A7C55912-9617-423F-9571-F3566FDAB42D}.Release|Any CPU.ActiveCfg = Release|Any CPU
		{A7C55912-9617-423F-9571-F3566FDAB42D}.Release|Any CPU.Build.0 = Release|Any CPU
	EndGlobalSection
	GlobalSection(SolutionProperties) = preSolution
		HideSolutionNode = FALSE
	EndGlobalSection
	GlobalSection(ExtensibilityGlobals) = postSolution
		SolutionGuid = {35283CFE-955C-40EF-ADCF-F65FB2F5ECA1}
	EndGlobalSection
EndGlobal
